
Microsoft Visual Studio Solution File, Format Version 12.00
# Visual Studio 15
Project("{FAE04EC0-301F-11D3-BF4B-00C04F79EFBC}") = "Unity.Timeline", "Unity.Timeline.csproj", "{2AA5C9AA-7D40-46E4-3790-145CF7A7B5B7}"
EndProject
Project("{FAE04EC0-301F-11D3-BF4B-00C04F79EFBC}") = "Unity.InputSystem", "Unity.InputSystem.csproj", "{6A8A5F16-24F9-04C2-C2FB-ED241A2284D7}"
EndProject
Project("{FAE04EC0-301F-11D3-BF4B-00C04F79EFBC}") = "Unity.ShaderGraph.Editor", "Unity.ShaderGraph.Editor.csproj", "{BC8597DE-AC2E-5423-F751-FCC17E14E707}"
EndProject
Project("{FAE04EC0-301F-11D3-BF4B-00C04F79EFBC}") = "Unity.XR.Management", "Unity.XR.Management.csproj", "{1D18E6C7-C58B-7FAB-FE6C-A1F162BF4DB2}"
EndProject
Project("{FAE04EC0-301F-11D3-BF4B-00C04F79EFBC}") = "Unity.VisualScripting.Flow", "Unity.VisualScripting.Flow.csproj", "{8591D3D1-1118-8E56-AFDD-717E1ADF5F37}"
EndProject
Project("{FAE04EC0-301F-11D3-BF4B-00C04F79EFBC}") = "Unity.RenderPipelines.Universal.Runtime", "Unity.RenderPipelines.Universal.Runtime.csproj", "{E006ACCC-ED96-81EF-B590-06CC4AF87763}"
EndProject
Project("{FAE04EC0-301F-11D3-BF4B-00C04F79EFBC}") = "UnityEditor.UI", "UnityEditor.UI.csproj", "{1AA3B462-F265-D67B-BC1A-03D5BACAAE10}"
EndProject
Project("{FAE04EC0-301F-11D3-BF4B-00C04F79EFBC}") = "Unity.Timeline.Editor", "Unity.Timeline.Editor.csproj", "{54E519F3-741E-23EE-E6BE-AE38B65185A8}"
EndProject
Project("{FAE04EC0-301F-11D3-BF4B-00C04F79EFBC}") = "Unity.PlasticSCM.Editor", "Unity.PlasticSCM.Editor.csproj", "{71F1D9D8-E99F-89AE-F8C3-0F906558956D}"
EndProject
Project("{FAE04EC0-301F-11D3-BF4B-00C04F79EFBC}") = "Unity.RenderPipelines.Core.Runtime", "Unity.RenderPipelines.Core.Runtime.csproj", "{C7456378-43A1-3F5A-D214-D381A36BAEF0}"
EndProject
Project("{FAE04EC0-301F-11D3-BF4B-00C04F79EFBC}") = "Unity.XR.CoreUtils.Editor", "Unity.XR.CoreUtils.Editor.csproj", "{203E0CF0-6E73-BDAB-E2C6-A477A248E828}"
EndProject
Project("{FAE04EC0-301F-11D3-BF4B-00C04F79EFBC}") = "Unity.Mathematics", "Unity.Mathematics.csproj", "{85085307-2BAA-6FF1-9864-790CDCB5DBBA}"
EndProject
Project("{FAE04EC0-301F-11D3-BF4B-00C04F79EFBC}") = "Unity.RenderPipelines.Core.Editor", "Unity.RenderPipelines.Core.Editor.csproj", "{5D233266-D1C8-986B-AE67-5100F125DF2E}"
EndProject
Project("{FAE04EC0-301F-11D3-BF4B-00C04F79EFBC}") = "Unity.VisualScripting.Core.Editor", "Unity.VisualScripting.Core.Editor.csproj", "{8B14F3A2-BC54-3BC1-579C-3FDE8BACE466}"
EndProject
Project("{FAE04EC0-301F-11D3-BF4B-00C04F79EFBC}") = "UnityEditor.TestRunner", "UnityEditor.TestRunner.csproj", "{34436145-2265-8F83-6AE8-5BF37C45B9A3}"
EndProject
Project("{FAE04EC0-301F-11D3-BF4B-00C04F79EFBC}") = "Unity.XR.Interaction.Toolkit", "Unity.XR.Interaction.Toolkit.csproj", "{DE3661C7-6C61-E138-1FFF-64E6864B7495}"
EndProject
Project("{FAE04EC0-301F-11D3-BF4B-00C04F79EFBC}") = "Unity.XR.CoreUtils", "Unity.XR.CoreUtils.csproj", "{C04B6F40-BA5F-6A6B-4D2C-85B62A90903A}"
EndProject
Project("{FAE04EC0-301F-11D3-BF4B-00C04F79EFBC}") = "Unity.XR.Simulation", "Unity.XR.Simulation.csproj", "{D6747045-B487-F0EA-E98A-700BCA82C32E}"
EndProject
Project("{FAE04EC0-301F-11D3-BF4B-00C04F79EFBC}") = "Unity.RenderPipelines.Universal.Editor", "Unity.RenderPipelines.Universal.Editor.csproj", "{FD086C1A-980A-546A-A503-D27AA9929829}"
EndProject
Project("{FAE04EC0-301F-11D3-BF4B-00C04F79EFBC}") = "Unity.XR.ARFoundation", "Unity.XR.ARFoundation.csproj", "{9ED62C2B-FAB1-DCB7-9380-E30D0BD73819}"
EndProject
Project("{FAE04EC0-301F-11D3-BF4B-00C04F79EFBC}") = "Unity.TextMeshPro.Editor", "Unity.TextMeshPro.Editor.csproj", "{5FF1DE12-FA22-33A7-D953-733EE59DC07E}"
EndProject
Project("{FAE04EC0-301F-11D3-BF4B-00C04F79EFBC}") = "Unity.VisualScripting.Flow.Editor", "Unity.VisualScripting.Flow.Editor.csproj", "{78A4E6AE-772A-245D-C1A1-3B2A70D2CB07}"
EndProject
Project("{FAE04EC0-301F-11D3-BF4B-00C04F79EFBC}") = "UnityEngine.TestRunner", "UnityEngine.TestRunner.csproj", "{79FFA4FF-D4E6-84DC-D037-784EE592D4CE}"
EndProject
Project("{FAE04EC0-301F-11D3-BF4B-00C04F79EFBC}") = "Unity.VisualScripting.Core", "Unity.VisualScripting.Core.csproj", "{66A3BF69-BDC4-FF0C-DB7E-C0145A391ECE}"
EndProject
Project("{FAE04EC0-301F-11D3-BF4B-00C04F79EFBC}") = "Unity.Searcher.Editor", "Unity.Searcher.Editor.csproj", "{BF3DEF5F-9476-799D-15D3-4B1AFF171CBC}"
EndProject
Project("{FAE04EC0-301F-11D3-BF4B-00C04F79EFBC}") = "Unity.Burst", "Unity.Burst.csproj", "{4F2B6FF7-1354-8C79-D15C-9D01F3B06F2A}"
EndProject
Project("{FAE04EC0-301F-11D3-BF4B-00C04F79EFBC}") = "Unity.XR.ARKit", "Unity.XR.ARKit.csproj", "{1249A661-B408-29B9-72A3-BAA81F579C21}"
EndProject
Project("{FAE04EC0-301F-11D3-BF4B-00C04F79EFBC}") = "Unity.Tutorials.Core.Editor", "Unity.Tutorials.Core.Editor.csproj", "{FACEA034-DDC4-E035-F536-6AC026E2F760}"
EndProject
Project("{FAE04EC0-301F-11D3-BF4B-00C04F79EFBC}") = "Unity.XR.ARSubsystems", "Unity.XR.ARSubsystems.csproj", "{D27F5B72-97B0-F080-6D6A-60C7207EDB84}"
EndProject
Project("{FAE04EC0-301F-11D3-BF4B-00C04F79EFBC}") = "Unity.VisualStudio.Editor", "Unity.VisualStudio.Editor.csproj", "{20AAB29C-BC43-3485-2629-6741CDF38667}"
EndProject
Project("{FAE04EC0-301F-11D3-BF4B-00C04F79EFBC}") = "PPv2URPConverters", "PPv2URPConverters.csproj", "{DD4D33A2-1C77-4A63-189C-8A4D7C61CBFA}"
EndProject
Project("{FAE04EC0-301F-11D3-BF4B-00C04F79EFBC}") = "Unity.XR.Interaction.Toolkit.Editor", "Unity.XR.Interaction.Toolkit.Editor.csproj", "{F7815712-4D01-79C6-38B8-1D1920BC66F6}"
EndProject
Project("{FAE04EC0-301F-11D3-BF4B-00C04F79EFBC}") = "Unity.XR.ARFoundation.VisualScripting", "Unity.XR.ARFoundation.VisualScripting.csproj", "{06DC52FC-BEB5-40BE-DA34-810B5BB791D9}"
EndProject
Project("{FAE04EC0-301F-11D3-BF4B-00C04F79EFBC}") = "Unity.XR.ARKit.Editor", "Unity.XR.ARKit.Editor.csproj", "{E1374D0C-0AFF-C091-2E33-C19A9C10E556}"
EndProject
Project("{FAE04EC0-301F-11D3-BF4B-00C04F79EFBC}") = "Unity.XR.ARCore", "Unity.XR.ARCore.csproj", "{4F8B5E18-14AD-841D-8C34-9A5A51702331}"
EndProject
Project("{FAE04EC0-301F-11D3-BF4B-00C04F79EFBC}") = "Unity.XR.ARFoundation.VisualScripting.Editor", "Unity.XR.ARFoundation.VisualScripting.Editor.csproj", "{216ED6B3-AE33-6EE2-984F-A1F538ABB478}"
EndProject
Project("{FAE04EC0-301F-11D3-BF4B-00C04F79EFBC}") = "Unity.XR.Simulation.Editor", "Unity.XR.Simulation.Editor.csproj", "{83F49DA2-3DE2-9177-ECB6-A7B33ACB5E30}"
EndProject
Project("{FAE04EC0-301F-11D3-BF4B-00C04F79EFBC}") = "Unity.VisualScripting.State.Editor", "Unity.VisualScripting.State.Editor.csproj", "{64E8DBB3-FC45-A4C6-5C98-A870833A5622}"
EndProject
Project("{FAE04EC0-301F-11D3-BF4B-00C04F79EFBC}") = "UnityEngine.UI", "UnityEngine.UI.csproj", "{8570757F-788E-4809-9259-DE820683EEE2}"
EndProject
Project("{FAE04EC0-301F-11D3-BF4B-00C04F79EFBC}") = "UnityFigmaBridgeEditor", "UnityFigmaBridgeEditor.csproj", "{B4689E34-EFC9-5CD4-9E16-E950729143D0}"
EndProject
Project("{FAE04EC0-301F-11D3-BF4B-00C04F79EFBC}") = "Unity.Burst.CodeGen", "Unity.Burst.CodeGen.csproj", "{3C3DAD49-46F6-EBF5-E212-013649CD171F}"
EndProject
Project("{FAE04EC0-301F-11D3-BF4B-00C04F79EFBC}") = "UnityFigmaBridgeRuntime", "UnityFigmaBridgeRuntime.csproj", "{110B85D3-FBE0-2B6E-A0B7-06C8843136A9}"
EndProject
Project("{FAE04EC0-301F-11D3-BF4B-00C04F79EFBC}") = "Unity.RenderPipeline.Universal.ShaderLibrary", "Unity.RenderPipeline.Universal.ShaderLibrary.csproj", "{693DB803-BC3E-E3B0-9047-344E55365F63}"
EndProject
Project("{FAE04EC0-301F-11D3-BF4B-00C04F79EFBC}") = "Unity.VisualScripting.State", "Unity.VisualScripting.State.csproj", "{8287CD86-537E-1840-7AE2-A62B6856650D}"
EndProject
Project("{FAE04EC0-301F-11D3-BF4B-00C04F79EFBC}") = "Unity.TextMeshPro", "Unity.TextMeshPro.csproj", "{24428884-2317-3427-D73B-7FC3422B369A}"
EndProject
Project("{FAE04EC0-301F-11D3-BF4B-00C04F79EFBC}") = "Unity.XR.Management.Editor", "Unity.XR.Management.Editor.csproj", "{418919C4-BBDE-2130-7E21-E9E250CEAC3A}"
EndProject
Project("{FAE04EC0-301F-11D3-BF4B-00C04F79EFBC}") = "Unity.VisualScripting.SettingsProvider.Editor", "Unity.VisualScripting.SettingsProvider.Editor.csproj", "{F1D331B8-6516-4101-43B6-D78410114062}"
EndProject
Project("{FAE04EC0-301F-11D3-BF4B-00C04F79EFBC}") = "Unity.VSCode.Editor", "Unity.VSCode.Editor.csproj", "{154E688B-5061-A7A0-B082-D095E12892DE}"
EndProject
Project("{FAE04EC0-301F-11D3-BF4B-00C04F79EFBC}") = "Unity.Burst.Editor", "Unity.Burst.Editor.csproj", "{D26F4F2C-86CC-34BC-643A-9C3D6B8F273B}"
EndProject
Project("{FAE04EC0-301F-11D3-BF4B-00C04F79EFBC}") = "Unity.XR.Management.Samples", "Unity.XR.Management.Samples.csproj", "{5B5642E1-0F7D-661D-8DB1-9BF460E92293}"
EndProject
Project("{FAE04EC0-301F-11D3-BF4B-00C04F79EFBC}") = "Unity.XR.ARSubsystems.Editor", "Unity.XR.ARSubsystems.Editor.csproj", "{6A342EEA-FD64-0C48-2F4A-D0988DD8A130}"
EndProject
Project("{FAE04EC0-301F-11D3-BF4B-00C04F79EFBC}") = "Unity.Settings.Editor", "Unity.Settings.Editor.csproj", "{B382B4BC-6C0F-C5A0-7545-0B25D1840329}"
EndProject
Project("{FAE04EC0-301F-11D3-BF4B-00C04F79EFBC}") = "Unity.XR.ARAnalytics.Editor", "Unity.XR.ARAnalytics.Editor.csproj", "{843910AD-7FD0-C598-8971-3B1118636570}"
EndProject
Project("{FAE04EC0-301F-11D3-BF4B-00C04F79EFBC}") = "Unity.InternalAPIEngineBridge.007", "Unity.InternalAPIEngineBridge.007.csproj", "{696EC2BD-0FBD-8AA9-1A88-B113B408E65E}"
EndProject
Project("{FAE04EC0-301F-11D3-BF4B-00C04F79EFBC}") = "Unity.InternalAPIEditorBridge.007", "Unity.InternalAPIEditorBridge.007.csproj", "{08B81BF2-63A9-36B1-F446-16ACC56B6FFC}"
EndProject
Project("{FAE04EC0-301F-11D3-BF4B-00C04F79EFBC}") = "UnityEngine.SpatialTracking", "UnityEngine.SpatialTracking.csproj", "{7C345832-948F-29CD-4AA6-FF2223B310F2}"
EndProject
Project("{FAE04EC0-301F-11D3-BF4B-00C04F79EFBC}") = "Unity.XR.Interaction.Toolkit.Samples.StarterAssets", "Unity.XR.Interaction.Toolkit.Samples.StarterAssets.csproj", "{16DADB52-F97A-621B-E00D-0F9C243526AC}"
EndProject
Project("{FAE04EC0-301F-11D3-BF4B-00C04F79EFBC}") = "Unity.Tutorials.Authoring.Editor", "Unity.Tutorials.Authoring.Editor.csproj", "{20E57C06-C0FF-B278-E3D8-E17BF2058798}"
EndProject
Project("{FAE04EC0-301F-11D3-BF4B-00C04F79EFBC}") = "Unity.InputSystem.ForUI", "Unity.InputSystem.ForUI.csproj", "{84A2DC89-C20E-8F1C-BEA8-C82495DB9833}"
EndProject
Project("{FAE04EC0-301F-11D3-BF4B-00C04F79EFBC}") = "Assembly-CSharp", "Assembly-CSharp.csproj", "{570A5D56-F168-89D3-7ED6-DFBFF2C66882}"
EndProject
Project("{FAE04EC0-301F-11D3-BF4B-00C04F79EFBC}") = "Unity.Mathematics.Editor", "Unity.Mathematics.Editor.csproj", "{65B5B48F-2894-0B61-A457-3538BFF75AE9}"
EndProject
Project("{FAE04EC0-301F-11D3-BF4B-00C04F79EFBC}") = "Unity.XR.Management.Samples.Editor", "Unity.XR.Management.Samples.Editor.csproj", "{4CD2A333-1EDB-C7E6-7E23-D6CA12BFD59F}"
EndProject
Project("{FAE04EC0-301F-11D3-BF4B-00C04F79EFBC}") = "Unity.XR.ARFoundation.InternalUtils", "Unity.XR.ARFoundation.InternalUtils.csproj", "{9024B47C-42B5-85D1-DF29-F696320E7230}"
EndProject
Project("{FAE04EC0-301F-11D3-BF4B-00C04F79EFBC}") = "Unity.XR.ARFoundation.Editor", "Unity.XR.ARFoundation.Editor.csproj", "{8D64552F-D770-88E5-B80D-0840499E6E25}"
EndProject
Project("{FAE04EC0-301F-11D3-BF4B-00C04F79EFBC}") = "Unity.XR.ARKit.FaceTracking", "Unity.XR.ARKit.FaceTracking.csproj", "{DDC8C00D-EC88-2250-5EEA-D467FB7CB8C2}"
EndProject
Project("{FAE04EC0-301F-11D3-BF4B-00C04F79EFBC}") = "Unity.Tutorials.Core", "Unity.Tutorials.Core.csproj", "{90AB1FA1-6937-7EF2-5250-B1AE98A0AE26}"
EndProject
Project("{FAE04EC0-301F-11D3-BF4B-00C04F79EFBC}") = "UnityEditor.SpatialTracking", "UnityEditor.SpatialTracking.csproj", "{368D24C7-9725-231F-9DB0-9DDCB9541BDC}"
EndProject
Project("{FAE04EC0-301F-11D3-BF4B-00C04F79EFBC}") = "Unity.XR.ARCore.Editor", "Unity.XR.ARCore.Editor.csproj", "{2DAF03C5-FB8F-52EA-3476-614386C2537F}"
EndProject
Project("{FAE04EC0-301F-11D3-BF4B-00C04F79EFBC}") = "Unity.InputSystem.TestFramework", "Unity.InputSystem.TestFramework.csproj", "{D9E508C9-E2CA-E265-24A5-28A81E8BE820}"
EndProject
Project("{FAE04EC0-301F-11D3-BF4B-00C04F79EFBC}") = "UnityEditor.XR.LegacyInputHelpers", "UnityEditor.XR.LegacyInputHelpers.csproj", "{5E48A65D-A126-847B-ED2A-F82DB6D7A22A}"
EndProject
Project("{FAE04EC0-301F-11D3-BF4B-00C04F79EFBC}") = "Unity.ShaderGraph.Utilities", "Unity.ShaderGraph.Utilities.csproj", "{BD9C6040-02C1-2094-6C8F-13ACD69342E7}"
EndProject
Project("{FAE04EC0-301F-11D3-BF4B-00C04F79EFBC}") = "Unity.VisualScripting.Shared.Editor", "Unity.VisualScripting.Shared.Editor.csproj", "{5AEF014B-CD64-7671-64D1-3B2B6E758737}"
EndProject
Project("{FAE04EC0-301F-11D3-BF4B-00C04F79EFBC}") = "Unity.EditorCoroutines.Editor", "Unity.EditorCoroutines.Editor.csproj", "{76313F1F-9DF6-C5E2-1654-12F084FF503F}"
EndProject
Project("{FAE04EC0-301F-11D3-BF4B-00C04F79EFBC}") = "UnityEngine.XR.LegacyInputHelpers", "UnityEngine.XR.LegacyInputHelpers.csproj", "{96DCB412-8E1B-5A14-5A80-BE5EE9D7BE5C}"
EndProject
Project("{FAE04EC0-301F-11D3-BF4B-00C04F79EFBC}") = "Unity.XR.Interaction.Toolkit.Samples.StarterAssets.Editor", "Unity.XR.Interaction.Toolkit.Samples.StarterAssets.Editor.csproj", "{5E8F71EC-7CC7-6DC9-100B-86790759C793}"
EndProject
Project("{FAE04EC0-301F-11D3-BF4B-00C04F79EFBC}") = "Unity.RenderPipelines.Universal.Config.Runtime", "Unity.RenderPipelines.Universal.Config.Runtime.csproj", "{4A7FD08D-F284-EA37-9AC5-176DE5502A02}"
EndProject
Project("{FAE04EC0-301F-11D3-BF4B-00C04F79EFBC}") = "Unity.CollabProxy.Editor", "Unity.CollabProxy.Editor.csproj", "{F5C41A57-B52B-A27B-A8D2-7102EBEDC0F7}"
EndProject
Project("{FAE04EC0-301F-11D3-BF4B-00C04F79EFBC}") = "Unity.RenderPipelines.ShaderGraph.ShaderGraphLibrary", "Unity.RenderPipelines.ShaderGraph.ShaderGraphLibrary.csproj", "{F13C6F07-198D-DE58-B55C-ED275D33B0C1}"
EndProject
Project("{FAE04EC0-301F-11D3-BF4B-00C04F79EFBC}") = "Unity.RenderPipelines.Core.ShaderLibrary", "Unity.RenderPipelines.Core.ShaderLibrary.csproj", "{8B5694F1-6553-792E-9A5D-39D51407E548}"
EndProject
Project("{FAE04EC0-301F-11D3-BF4B-00C04F79EFBC}") = "Unity.RenderPipelines.Universal.Shaders", "Unity.RenderPipelines.Universal.Shaders.csproj", "{D4478C29-B7C2-C78F-AE76-7844193316CA}"
EndProject
Project("{FAE04EC0-301F-11D3-BF4B-00C04F79EFBC}") = "Unity.Timeline", "Unity.Timeline.Player.csproj", "{F78E78AF-211C-87B2-97F2-B3D9EB1D5AA8}"
EndProject
Project("{FAE04EC0-301F-11D3-BF4B-00C04F79EFBC}") = "Unity.InputSystem", "Unity.InputSystem.Player.csproj", "{1374D7C9-F02F-CC8B-B3FB-D0D6E42C1D55}"
EndProject
Project("{FAE04EC0-301F-11D3-BF4B-00C04F79EFBC}") = "Unity.XR.Management", "Unity.XR.Management.Player.csproj", "{EBB79C13-AEE4-87BB-439A-465763F7EFE5}"
EndProject
Project("{FAE04EC0-301F-11D3-BF4B-00C04F79EFBC}") = "Unity.VisualScripting.Flow", "Unity.VisualScripting.Flow.Player.csproj", "{5344CCC5-DC6D-1C08-BD6D-6F8D1BCE585A}"
EndProject
Project("{FAE04EC0-301F-11D3-BF4B-00C04F79EFBC}") = "Unity.RenderPipelines.Universal.Runtime", "Unity.RenderPipelines.Universal.Runtime.Player.csproj", "{47440591-2BD1-062D-3832-713C5FB3F51A}"
EndProject
Project("{FAE04EC0-301F-11D3-BF4B-00C04F79EFBC}") = "Unity.RenderPipelines.Core.Runtime", "Unity.RenderPipelines.Core.Runtime.Player.csproj", "{506A06AA-9DF7-1D18-F261-F32873597ABA}"
EndProject
Project("{FAE04EC0-301F-11D3-BF4B-00C04F79EFBC}") = "Unity.Mathematics", "Unity.Mathematics.Player.csproj", "{E1645B89-0BDF-EFDC-4374-53BAC3FEFF69}"
EndProject
Project("{FAE04EC0-301F-11D3-BF4B-00C04F79EFBC}") = "Unity.XR.Interaction.Toolkit", "Unity.XR.Interaction.Toolkit.Player.csproj", "{C453AF5F-3090-01CB-D094-6AE72FEC6D92}"
EndProject
Project("{FAE04EC0-301F-11D3-BF4B-00C04F79EFBC}") = "Unity.XR.CoreUtils", "Unity.XR.CoreUtils.Player.csproj", "{0D785CE8-22F1-2EB6-6019-8AC264BC244B}"
EndProject
Project("{FAE04EC0-301F-11D3-BF4B-00C04F79EFBC}") = "Unity.XR.ARFoundation", "Unity.XR.ARFoundation.Player.csproj", "{E94491EB-DA2E-9BB6-BCAD-DF011F2B1867}"
EndProject
Project("{FAE04EC0-301F-11D3-BF4B-00C04F79EFBC}") = "UnityEngine.TestRunner", "UnityEngine.TestRunner.Player.csproj", "{D2A69C5A-404F-1F52-17EF-E37DE68ED3C3}"
EndProject
Project("{FAE04EC0-301F-11D3-BF4B-00C04F79EFBC}") = "Unity.VisualScripting.Core", "Unity.VisualScripting.Core.Player.csproj", "{75F2D81A-FF42-1D8C-0AFE-2C46D867BEB7}"
EndProject
Project("{FAE04EC0-301F-11D3-BF4B-00C04F79EFBC}") = "Unity.Burst", "Unity.Burst.Player.csproj", "{DF158E0A-CF1B-C482-FAC5-400A20F17C8D}"
EndProject
Project("{FAE04EC0-301F-11D3-BF4B-00C04F79EFBC}") = "Unity.XR.ARSubsystems", "Unity.XR.ARSubsystems.Player.csproj", "{120FFE18-1D76-B708-E59B-E25F84401CDB}"
EndProject
Project("{FAE04EC0-301F-11D3-BF4B-00C04F79EFBC}") = "Unity.XR.ARFoundation.VisualScripting", "Unity.XR.ARFoundation.VisualScripting.Player.csproj", "{45B0030E-BD2D-1CA9-5C0D-B3F6DC4830B2}"
EndProject
Project("{FAE04EC0-301F-11D3-BF4B-00C04F79EFBC}") = "Unity.XR.ARCore", "Unity.XR.ARCore.Player.csproj", "{4CA89F0B-129E-DE43-8055-D57FD0F62689}"
EndProject
Project("{FAE04EC0-301F-11D3-BF4B-00C04F79EFBC}") = "UnityEngine.UI", "UnityEngine.UI.Player.csproj", "{76DD8EC7-1189-0371-4DE6-E89C6AF17B0B}"
EndProject
Project("{FAE04EC0-301F-11D3-BF4B-00C04F79EFBC}") = "UnityFigmaBridgeRuntime", "UnityFigmaBridgeRuntime.Player.csproj", "{BD80A043-F767-9A8B-3F02-6C7DA4921365}"
EndProject
Project("{FAE04EC0-301F-11D3-BF4B-00C04F79EFBC}") = "Unity.RenderPipeline.Universal.ShaderLibrary", "Unity.RenderPipeline.Universal.ShaderLibrary.Player.csproj", "{9670B560-A054-258F-040D-EAC92AD0001A}"
EndProject
Project("{FAE04EC0-301F-11D3-BF4B-00C04F79EFBC}") = "Unity.VisualScripting.State", "Unity.VisualScripting.State.Player.csproj", "{ACC304BA-B8B5-3CC6-9C2B-58307E1BE15A}"
EndProject
Project("{FAE04EC0-301F-11D3-BF4B-00C04F79EFBC}") = "Unity.TextMeshPro", "Unity.TextMeshPro.Player.csproj", "{3D4F3FC3-1A7B-9522-E43C-9D6C9803C5A7}"
EndProject
Project("{FAE04EC0-301F-11D3-BF4B-00C04F79EFBC}") = "UnityEngine.SpatialTracking", "UnityEngine.SpatialTracking.Player.csproj", "{AC9B6E06-FD16-8568-2357-F62E1C667C50}"
EndProject
Project("{FAE04EC0-301F-11D3-BF4B-00C04F79EFBC}") = "Unity.XR.Interaction.Toolkit.Samples.StarterAssets", "Unity.XR.Interaction.Toolkit.Samples.StarterAssets.Player.csproj", "{798E0881-ABCE-72D1-CE85-3BBD2E063A07}"
EndProject
Project("{FAE04EC0-301F-11D3-BF4B-00C04F79EFBC}") = "Unity.InputSystem.ForUI", "Unity.InputSystem.ForUI.Player.csproj", "{5384B401-C19C-C884-803B-A1141ED20416}"
EndProject
Project("{FAE04EC0-301F-11D3-BF4B-00C04F79EFBC}") = "Assembly-CSharp", "Assembly-CSharp.Player.csproj", "{B074948E-44ED-3491-4AA9-E2EDC4B7BD84}"
EndProject
Project("{FAE04EC0-301F-11D3-BF4B-00C04F79EFBC}") = "Unity.XR.ARFoundation.InternalUtils", "Unity.XR.ARFoundation.InternalUtils.Player.csproj", "{D08111CC-1D02-7F39-C6CA-76BA87588A82}"
EndProject
Project("{FAE04EC0-301F-11D3-BF4B-00C04F79EFBC}") = "Unity.Tutorials.Core", "Unity.Tutorials.Core.Player.csproj", "{8D74D3EC-F036-0E8D-F980-27D6E8EB3757}"
EndProject
Project("{FAE04EC0-301F-11D3-BF4B-00C04F79EFBC}") = "Unity.InputSystem.TestFramework", "Unity.InputSystem.TestFramework.Player.csproj", "{4803CA38-0B9A-FBBF-5352-B6ABAD2FC024}"
EndProject
Project("{FAE04EC0-301F-11D3-BF4B-00C04F79EFBC}") = "UnityEngine.XR.LegacyInputHelpers", "UnityEngine.XR.LegacyInputHelpers.Player.csproj", "{D284CFB8-1467-2707-66C9-D8AE4530C6CD}"
EndProject
Project("{FAE04EC0-301F-11D3-BF4B-00C04F79EFBC}") = "Unity.RenderPipelines.Universal.Config.Runtime", "Unity.RenderPipelines.Universal.Config.Runtime.Player.csproj", "{76EBF6EE-015A-594F-941C-7FD8489AB38A}"
EndProject
Project("{FAE04EC0-301F-11D3-BF4B-00C04F79EFBC}") = "Unity.RenderPipelines.ShaderGraph.ShaderGraphLibrary", "Unity.RenderPipelines.ShaderGraph.ShaderGraphLibrary.Player.csproj", "{34C52CAD-C20C-A888-298A-65954E52F41D}"
EndProject
Project("{FAE04EC0-301F-11D3-BF4B-00C04F79EFBC}") = "Unity.RenderPipelines.Core.ShaderLibrary", "Unity.RenderPipelines.Core.ShaderLibrary.Player.csproj", "{1AE9AFAD-508A-380F-C1CC-69008C5B01A3}"
EndProject
Project("{FAE04EC0-301F-11D3-BF4B-00C04F79EFBC}") = "Unity.RenderPipelines.Universal.Shaders", "Unity.RenderPipelines.Universal.Shaders.Player.csproj", "{99E92F7A-E703-540F-1F79-B4699D00E59A}"
EndProject
Global
	GlobalSection(SolutionConfigurationPlatforms) = preSolution
		Debug|Any CPU = Debug|Any CPU
		Release|Any CPU = Release|Any CPU
	EndGlobalSection
	GlobalSection(ProjectConfigurationPlatforms) = postSolution
		{2AA5C9AA-7D40-46E4-3790-145CF7A7B5B7}.Debug|Any CPU.ActiveCfg = Debug|Any CPU
		{2AA5C9AA-7D40-46E4-3790-145CF7A7B5B7}.Debug|Any CPU.Build.0 = Debug|Any CPU
		{2AA5C9AA-7D40-46E4-3790-145CF7A7B5B7}.Release|Any CPU.ActiveCfg = Release|Any CPU
		{2AA5C9AA-7D40-46E4-3790-145CF7A7B5B7}.Release|Any CPU.Build.0 = Release|Any CPU
		{6A8A5F16-24F9-04C2-C2FB-ED241A2284D7}.Debug|Any CPU.ActiveCfg = Debug|Any CPU
		{6A8A5F16-24F9-04C2-C2FB-ED241A2284D7}.Debug|Any CPU.Build.0 = Debug|Any CPU
		{6A8A5F16-24F9-04C2-C2FB-ED241A2284D7}.Release|Any CPU.ActiveCfg = Release|Any CPU
		{6A8A5F16-24F9-04C2-C2FB-ED241A2284D7}.Release|Any CPU.Build.0 = Release|Any CPU
		{BC8597DE-AC2E-5423-F751-FCC17E14E707}.Debug|Any CPU.ActiveCfg = Debug|Any CPU
		{BC8597DE-AC2E-5423-F751-FCC17E14E707}.Debug|Any CPU.Build.0 = Debug|Any CPU
		{BC8597DE-AC2E-5423-F751-FCC17E14E707}.Release|Any CPU.ActiveCfg = Release|Any CPU
		{BC8597DE-AC2E-5423-F751-FCC17E14E707}.Release|Any CPU.Build.0 = Release|Any CPU
		{1D18E6C7-C58B-7FAB-FE6C-A1F162BF4DB2}.Debug|Any CPU.ActiveCfg = Debug|Any CPU
		{1D18E6C7-C58B-7FAB-FE6C-A1F162BF4DB2}.Debug|Any CPU.Build.0 = Debug|Any CPU
		{1D18E6C7-C58B-7FAB-FE6C-A1F162BF4DB2}.Release|Any CPU.ActiveCfg = Release|Any CPU
		{1D18E6C7-C58B-7FAB-FE6C-A1F162BF4DB2}.Release|Any CPU.Build.0 = Release|Any CPU
		{8591D3D1-1118-8E56-AFDD-717E1ADF5F37}.Debug|Any CPU.ActiveCfg = Debug|Any CPU
		{8591D3D1-1118-8E56-AFDD-717E1ADF5F37}.Debug|Any CPU.Build.0 = Debug|Any CPU
		{8591D3D1-1118-8E56-AFDD-717E1ADF5F37}.Release|Any CPU.ActiveCfg = Release|Any CPU
		{8591D3D1-1118-8E56-AFDD-717E1ADF5F37}.Release|Any CPU.Build.0 = Release|Any CPU
		{E006ACCC-ED96-81EF-B590-06CC4AF87763}.Debug|Any CPU.ActiveCfg = Debug|Any CPU
		{E006ACCC-ED96-81EF-B590-06CC4AF87763}.Debug|Any CPU.Build.0 = Debug|Any CPU
		{E006ACCC-ED96-81EF-B590-06CC4AF87763}.Release|Any CPU.ActiveCfg = Release|Any CPU
		{E006ACCC-ED96-81EF-B590-06CC4AF87763}.Release|Any CPU.Build.0 = Release|Any CPU
		{1AA3B462-F265-D67B-BC1A-03D5BACAAE10}.Debug|Any CPU.ActiveCfg = Debug|Any CPU
		{1AA3B462-F265-D67B-BC1A-03D5BACAAE10}.Debug|Any CPU.Build.0 = Debug|Any CPU
		{1AA3B462-F265-D67B-BC1A-03D5BACAAE10}.Release|Any CPU.ActiveCfg = Release|Any CPU
		{1AA3B462-F265-D67B-BC1A-03D5BACAAE10}.Release|Any CPU.Build.0 = Release|Any CPU
		{54E519F3-741E-23EE-E6BE-AE38B65185A8}.Debug|Any CPU.ActiveCfg = Debug|Any CPU
		{54E519F3-741E-23EE-E6BE-AE38B65185A8}.Debug|Any CPU.Build.0 = Debug|Any CPU
		{54E519F3-741E-23EE-E6BE-AE38B65185A8}.Release|Any CPU.ActiveCfg = Release|Any CPU
		{54E519F3-741E-23EE-E6BE-AE38B65185A8}.Release|Any CPU.Build.0 = Release|Any CPU
		{71F1D9D8-E99F-89AE-F8C3-0F906558956D}.Debug|Any CPU.ActiveCfg = Debug|Any CPU
		{71F1D9D8-E99F-89AE-F8C3-0F906558956D}.Debug|Any CPU.Build.0 = Debug|Any CPU
		{71F1D9D8-E99F-89AE-F8C3-0F906558956D}.Release|Any CPU.ActiveCfg = Release|Any CPU
		{71F1D9D8-E99F-89AE-F8C3-0F906558956D}.Release|Any CPU.Build.0 = Release|Any CPU
		{C7456378-43A1-3F5A-D214-D381A36BAEF0}.Debug|Any CPU.ActiveCfg = Debug|Any CPU
		{C7456378-43A1-3F5A-D214-D381A36BAEF0}.Debug|Any CPU.Build.0 = Debug|Any CPU
		{C7456378-43A1-3F5A-D214-D381A36BAEF0}.Release|Any CPU.ActiveCfg = Release|Any CPU
		{C7456378-43A1-3F5A-D214-D381A36BAEF0}.Release|Any CPU.Build.0 = Release|Any CPU
		{203E0CF0-6E73-BDAB-E2C6-A477A248E828}.Debug|Any CPU.ActiveCfg = Debug|Any CPU
		{203E0CF0-6E73-BDAB-E2C6-A477A248E828}.Debug|Any CPU.Build.0 = Debug|Any CPU
		{203E0CF0-6E73-BDAB-E2C6-A477A248E828}.Release|Any CPU.ActiveCfg = Release|Any CPU
		{203E0CF0-6E73-BDAB-E2C6-A477A248E828}.Release|Any CPU.Build.0 = Release|Any CPU
		{85085307-2BAA-6FF1-9864-790CDCB5DBBA}.Debug|Any CPU.ActiveCfg = Debug|Any CPU
		{85085307-2BAA-6FF1-9864-790CDCB5DBBA}.Debug|Any CPU.Build.0 = Debug|Any CPU
		{85085307-2BAA-6FF1-9864-790CDCB5DBBA}.Release|Any CPU.ActiveCfg = Release|Any CPU
		{85085307-2BAA-6FF1-9864-790CDCB5DBBA}.Release|Any CPU.Build.0 = Release|Any CPU
		{5D233266-D1C8-986B-AE67-5100F125DF2E}.Debug|Any CPU.ActiveCfg = Debug|Any CPU
		{5D233266-D1C8-986B-AE67-5100F125DF2E}.Debug|Any CPU.Build.0 = Debug|Any CPU
		{5D233266-D1C8-986B-AE67-5100F125DF2E}.Release|Any CPU.ActiveCfg = Release|Any CPU
		{5D233266-D1C8-986B-AE67-5100F125DF2E}.Release|Any CPU.Build.0 = Release|Any CPU
		{8B14F3A2-BC54-3BC1-579C-3FDE8BACE466}.Debug|Any CPU.ActiveCfg = Debug|Any CPU
		{8B14F3A2-BC54-3BC1-579C-3FDE8BACE466}.Debug|Any CPU.Build.0 = Debug|Any CPU
		{8B14F3A2-BC54-3BC1-579C-3FDE8BACE466}.Release|Any CPU.ActiveCfg = Release|Any CPU
		{8B14F3A2-BC54-3BC1-579C-3FDE8BACE466}.Release|Any CPU.Build.0 = Release|Any CPU
		{34436145-2265-8F83-6AE8-5BF37C45B9A3}.Debug|Any CPU.ActiveCfg = Debug|Any CPU
		{34436145-2265-8F83-6AE8-5BF37C45B9A3}.Debug|Any CPU.Build.0 = Debug|Any CPU
		{34436145-2265-8F83-6AE8-5BF37C45B9A3}.Release|Any CPU.ActiveCfg = Release|Any CPU
		{34436145-2265-8F83-6AE8-5BF37C45B9A3}.Release|Any CPU.Build.0 = Release|Any CPU
		{DE3661C7-6C61-E138-1FFF-64E6864B7495}.Debug|Any CPU.ActiveCfg = Debug|Any CPU
		{DE3661C7-6C61-E138-1FFF-64E6864B7495}.Debug|Any CPU.Build.0 = Debug|Any CPU
		{DE3661C7-6C61-E138-1FFF-64E6864B7495}.Release|Any CPU.ActiveCfg = Release|Any CPU
		{DE3661C7-6C61-E138-1FFF-64E6864B7495}.Release|Any CPU.Build.0 = Release|Any CPU
		{C04B6F40-BA5F-6A6B-4D2C-85B62A90903A}.Debug|Any CPU.ActiveCfg = Debug|Any CPU
		{C04B6F40-BA5F-6A6B-4D2C-85B62A90903A}.Debug|Any CPU.Build.0 = Debug|Any CPU
		{C04B6F40-BA5F-6A6B-4D2C-85B62A90903A}.Release|Any CPU.ActiveCfg = Release|Any CPU
		{C04B6F40-BA5F-6A6B-4D2C-85B62A90903A}.Release|Any CPU.Build.0 = Release|Any CPU
		{D6747045-B487-F0EA-E98A-700BCA82C32E}.Debug|Any CPU.ActiveCfg = Debug|Any CPU
		{D6747045-B487-F0EA-E98A-700BCA82C32E}.Debug|Any CPU.Build.0 = Debug|Any CPU
		{D6747045-B487-F0EA-E98A-700BCA82C32E}.Release|Any CPU.ActiveCfg = Release|Any CPU
		{D6747045-B487-F0EA-E98A-700BCA82C32E}.Release|Any CPU.Build.0 = Release|Any CPU
		{FD086C1A-980A-546A-A503-D27AA9929829}.Debug|Any CPU.ActiveCfg = Debug|Any CPU
		{FD086C1A-980A-546A-A503-D27AA9929829}.Debug|Any CPU.Build.0 = Debug|Any CPU
		{FD086C1A-980A-546A-A503-D27AA9929829}.Release|Any CPU.ActiveCfg = Release|Any CPU
		{FD086C1A-980A-546A-A503-D27AA9929829}.Release|Any CPU.Build.0 = Release|Any CPU
		{9ED62C2B-FAB1-DCB7-9380-E30D0BD73819}.Debug|Any CPU.ActiveCfg = Debug|Any CPU
		{9ED62C2B-FAB1-DCB7-9380-E30D0BD73819}.Debug|Any CPU.Build.0 = Debug|Any CPU
		{9ED62C2B-FAB1-DCB7-9380-E30D0BD73819}.Release|Any CPU.ActiveCfg = Release|Any CPU
		{9ED62C2B-FAB1-DCB7-9380-E30D0BD73819}.Release|Any CPU.Build.0 = Release|Any CPU
		{5FF1DE12-FA22-33A7-D953-733EE59DC07E}.Debug|Any CPU.ActiveCfg = Debug|Any CPU
		{5FF1DE12-FA22-33A7-D953-733EE59DC07E}.Debug|Any CPU.Build.0 = Debug|Any CPU
		{5FF1DE12-FA22-33A7-D953-733EE59DC07E}.Release|Any CPU.ActiveCfg = Release|Any CPU
		{5FF1DE12-FA22-33A7-D953-733EE59DC07E}.Release|Any CPU.Build.0 = Release|Any CPU
		{78A4E6AE-772A-245D-C1A1-3B2A70D2CB07}.Debug|Any CPU.ActiveCfg = Debug|Any CPU
		{78A4E6AE-772A-245D-C1A1-3B2A70D2CB07}.Debug|Any CPU.Build.0 = Debug|Any CPU
		{78A4E6AE-772A-245D-C1A1-3B2A70D2CB07}.Release|Any CPU.ActiveCfg = Release|Any CPU
		{78A4E6AE-772A-245D-C1A1-3B2A70D2CB07}.Release|Any CPU.Build.0 = Release|Any CPU
		{79FFA4FF-D4E6-84DC-D037-784EE592D4CE}.Debug|Any CPU.ActiveCfg = Debug|Any CPU
		{79FFA4FF-D4E6-84DC-D037-784EE592D4CE}.Debug|Any CPU.Build.0 = Debug|Any CPU
		{79FFA4FF-D4E6-84DC-D037-784EE592D4CE}.Release|Any CPU.ActiveCfg = Release|Any CPU
		{79FFA4FF-D4E6-84DC-D037-784EE592D4CE}.Release|Any CPU.Build.0 = Release|Any CPU
		{66A3BF69-BDC4-FF0C-DB7E-C0145A391ECE}.Debug|Any CPU.ActiveCfg = Debug|Any CPU
		{66A3BF69-BDC4-FF0C-DB7E-C0145A391ECE}.Debug|Any CPU.Build.0 = Debug|Any CPU
		{66A3BF69-BDC4-FF0C-DB7E-C0145A391ECE}.Release|Any CPU.ActiveCfg = Release|Any CPU
		{66A3BF69-BDC4-FF0C-DB7E-C0145A391ECE}.Release|Any CPU.Build.0 = Release|Any CPU
		{BF3DEF5F-9476-799D-15D3-4B1AFF171CBC}.Debug|Any CPU.ActiveCfg = Debug|Any CPU
		{BF3DEF5F-9476-799D-15D3-4B1AFF171CBC}.Debug|Any CPU.Build.0 = Debug|Any CPU
		{BF3DEF5F-9476-799D-15D3-4B1AFF171CBC}.Release|Any CPU.ActiveCfg = Release|Any CPU
		{BF3DEF5F-9476-799D-15D3-4B1AFF171CBC}.Release|Any CPU.Build.0 = Release|Any CPU
		{4F2B6FF7-1354-8C79-D15C-9D01F3B06F2A}.Debug|Any CPU.ActiveCfg = Debug|Any CPU
		{4F2B6FF7-1354-8C79-D15C-9D01F3B06F2A}.Debug|Any CPU.Build.0 = Debug|Any CPU
		{4F2B6FF7-1354-8C79-D15C-9D01F3B06F2A}.Release|Any CPU.ActiveCfg = Release|Any CPU
		{4F2B6FF7-1354-8C79-D15C-9D01F3B06F2A}.Release|Any CPU.Build.0 = Release|Any CPU
		{1249A661-B408-29B9-72A3-BAA81F579C21}.Debug|Any CPU.ActiveCfg = Debug|Any CPU
		{1249A661-B408-29B9-72A3-BAA81F579C21}.Debug|Any CPU.Build.0 = Debug|Any CPU
		{1249A661-B408-29B9-72A3-BAA81F579C21}.Release|Any CPU.ActiveCfg = Release|Any CPU
		{1249A661-B408-29B9-72A3-BAA81F579C21}.Release|Any CPU.Build.0 = Release|Any CPU
		{FACEA034-DDC4-E035-F536-6AC026E2F760}.Debug|Any CPU.ActiveCfg = Debug|Any CPU
		{FACEA034-DDC4-E035-F536-6AC026E2F760}.Debug|Any CPU.Build.0 = Debug|Any CPU
		{FACEA034-DDC4-E035-F536-6AC026E2F760}.Release|Any CPU.ActiveCfg = Release|Any CPU
		{FACEA034-DDC4-E035-F536-6AC026E2F760}.Release|Any CPU.Build.0 = Release|Any CPU
		{D27F5B72-97B0-F080-6D6A-60C7207EDB84}.Debug|Any CPU.ActiveCfg = Debug|Any CPU
		{D27F5B72-97B0-F080-6D6A-60C7207EDB84}.Debug|Any CPU.Build.0 = Debug|Any CPU
		{D27F5B72-97B0-F080-6D6A-60C7207EDB84}.Release|Any CPU.ActiveCfg = Release|Any CPU
		{D27F5B72-97B0-F080-6D6A-60C7207EDB84}.Release|Any CPU.Build.0 = Release|Any CPU
		{20AAB29C-BC43-3485-2629-6741CDF38667}.Debug|Any CPU.ActiveCfg = Debug|Any CPU
		{20AAB29C-BC43-3485-2629-6741CDF38667}.Debug|Any CPU.Build.0 = Debug|Any CPU
		{20AAB29C-BC43-3485-2629-6741CDF38667}.Release|Any CPU.ActiveCfg = Release|Any CPU
		{20AAB29C-BC43-3485-2629-6741CDF38667}.Release|Any CPU.Build.0 = Release|Any CPU
		{DD4D33A2-1C77-4A63-189C-8A4D7C61CBFA}.Debug|Any CPU.ActiveCfg = Debug|Any CPU
		{DD4D33A2-1C77-4A63-189C-8A4D7C61CBFA}.Debug|Any CPU.Build.0 = Debug|Any CPU
		{DD4D33A2-1C77-4A63-189C-8A4D7C61CBFA}.Release|Any CPU.ActiveCfg = Release|Any CPU
		{DD4D33A2-1C77-4A63-189C-8A4D7C61CBFA}.Release|Any CPU.Build.0 = Release|Any CPU
		{F7815712-4D01-79C6-38B8-1D1920BC66F6}.Debug|Any CPU.ActiveCfg = Debug|Any CPU
		{F7815712-4D01-79C6-38B8-1D1920BC66F6}.Debug|Any CPU.Build.0 = Debug|Any CPU
		{F7815712-4D01-79C6-38B8-1D1920BC66F6}.Release|Any CPU.ActiveCfg = Release|Any CPU
		{F7815712-4D01-79C6-38B8-1D1920BC66F6}.Release|Any CPU.Build.0 = Release|Any CPU
		{06DC52FC-BEB5-40BE-DA34-810B5BB791D9}.Debug|Any CPU.ActiveCfg = Debug|Any CPU
		{06DC52FC-BEB5-40BE-DA34-810B5BB791D9}.Debug|Any CPU.Build.0 = Debug|Any CPU
		{06DC52FC-BEB5-40BE-DA34-810B5BB791D9}.Release|Any CPU.ActiveCfg = Release|Any CPU
		{06DC52FC-BEB5-40BE-DA34-810B5BB791D9}.Release|Any CPU.Build.0 = Release|Any CPU
		{E1374D0C-0AFF-C091-2E33-C19A9C10E556}.Debug|Any CPU.ActiveCfg = Debug|Any CPU
		{E1374D0C-0AFF-C091-2E33-C19A9C10E556}.Debug|Any CPU.Build.0 = Debug|Any CPU
		{E1374D0C-0AFF-C091-2E33-C19A9C10E556}.Release|Any CPU.ActiveCfg = Release|Any CPU
		{E1374D0C-0AFF-C091-2E33-C19A9C10E556}.Release|Any CPU.Build.0 = Release|Any CPU
		{4F8B5E18-14AD-841D-8C34-9A5A51702331}.Debug|Any CPU.ActiveCfg = Debug|Any CPU
		{4F8B5E18-14AD-841D-8C34-9A5A51702331}.Debug|Any CPU.Build.0 = Debug|Any CPU
		{4F8B5E18-14AD-841D-8C34-9A5A51702331}.Release|Any CPU.ActiveCfg = Release|Any CPU
		{4F8B5E18-14AD-841D-8C34-9A5A51702331}.Release|Any CPU.Build.0 = Release|Any CPU
		{216ED6B3-AE33-6EE2-984F-A1F538ABB478}.Debug|Any CPU.ActiveCfg = Debug|Any CPU
		{216ED6B3-AE33-6EE2-984F-A1F538ABB478}.Debug|Any CPU.Build.0 = Debug|Any CPU
		{216ED6B3-AE33-6EE2-984F-A1F538ABB478}.Release|Any CPU.ActiveCfg = Release|Any CPU
		{216ED6B3-AE33-6EE2-984F-A1F538ABB478}.Release|Any CPU.Build.0 = Release|Any CPU
		{83F49DA2-3DE2-9177-ECB6-A7B33ACB5E30}.Debug|Any CPU.ActiveCfg = Debug|Any CPU
		{83F49DA2-3DE2-9177-ECB6-A7B33ACB5E30}.Debug|Any CPU.Build.0 = Debug|Any CPU
		{83F49DA2-3DE2-9177-ECB6-A7B33ACB5E30}.Release|Any CPU.ActiveCfg = Release|Any CPU
		{83F49DA2-3DE2-9177-ECB6-A7B33ACB5E30}.Release|Any CPU.Build.0 = Release|Any CPU
		{64E8DBB3-FC45-A4C6-5C98-A870833A5622}.Debug|Any CPU.ActiveCfg = Debug|Any CPU
		{64E8DBB3-FC45-A4C6-5C98-A870833A5622}.Debug|Any CPU.Build.0 = Debug|Any CPU
		{64E8DBB3-FC45-A4C6-5C98-A870833A5622}.Release|Any CPU.ActiveCfg = Release|Any CPU
		{64E8DBB3-FC45-A4C6-5C98-A870833A5622}.Release|Any CPU.Build.0 = Release|Any CPU
		{8570757F-788E-4809-9259-DE820683EEE2}.Debug|Any CPU.ActiveCfg = Debug|Any CPU
		{8570757F-788E-4809-9259-DE820683EEE2}.Debug|Any CPU.Build.0 = Debug|Any CPU
		{8570757F-788E-4809-9259-DE820683EEE2}.Release|Any CPU.ActiveCfg = Release|Any CPU
		{8570757F-788E-4809-9259-DE820683EEE2}.Release|Any CPU.Build.0 = Release|Any CPU
		{B4689E34-EFC9-5CD4-9E16-E950729143D0}.Debug|Any CPU.ActiveCfg = Debug|Any CPU
		{B4689E34-EFC9-5CD4-9E16-E950729143D0}.Debug|Any CPU.Build.0 = Debug|Any CPU
		{B4689E34-EFC9-5CD4-9E16-E950729143D0}.Release|Any CPU.ActiveCfg = Release|Any CPU
		{B4689E34-EFC9-5CD4-9E16-E950729143D0}.Release|Any CPU.Build.0 = Release|Any CPU
		{3C3DAD49-46F6-EBF5-E212-013649CD171F}.Debug|Any CPU.ActiveCfg = Debug|Any CPU
		{3C3DAD49-46F6-EBF5-E212-013649CD171F}.Debug|Any CPU.Build.0 = Debug|Any CPU
		{3C3DAD49-46F6-EBF5-E212-013649CD171F}.Release|Any CPU.ActiveCfg = Release|Any CPU
		{3C3DAD49-46F6-EBF5-E212-013649CD171F}.Release|Any CPU.Build.0 = Release|Any CPU
		{110B85D3-FBE0-2B6E-A0B7-06C8843136A9}.Debug|Any CPU.ActiveCfg = Debug|Any CPU
		{110B85D3-FBE0-2B6E-A0B7-06C8843136A9}.Debug|Any CPU.Build.0 = Debug|Any CPU
		{110B85D3-FBE0-2B6E-A0B7-06C8843136A9}.Release|Any CPU.ActiveCfg = Release|Any CPU
		{110B85D3-FBE0-2B6E-A0B7-06C8843136A9}.Release|Any CPU.Build.0 = Release|Any CPU
		{693DB803-BC3E-E3B0-9047-344E55365F63}.Debug|Any CPU.ActiveCfg = Debug|Any CPU
		{693DB803-BC3E-E3B0-9047-344E55365F63}.Debug|Any CPU.Build.0 = Debug|Any CPU
		{693DB803-BC3E-E3B0-9047-344E55365F63}.Release|Any CPU.ActiveCfg = Release|Any CPU
		{693DB803-BC3E-E3B0-9047-344E55365F63}.Release|Any CPU.Build.0 = Release|Any CPU
		{8287CD86-537E-1840-7AE2-A62B6856650D}.Debug|Any CPU.ActiveCfg = Debug|Any CPU
		{8287CD86-537E-1840-7AE2-A62B6856650D}.Debug|Any CPU.Build.0 = Debug|Any CPU
		{8287CD86-537E-1840-7AE2-A62B6856650D}.Release|Any CPU.ActiveCfg = Release|Any CPU
		{8287CD86-537E-1840-7AE2-A62B6856650D}.Release|Any CPU.Build.0 = Release|Any CPU
		{24428884-2317-3427-D73B-7FC3422B369A}.Debug|Any CPU.ActiveCfg = Debug|Any CPU
		{24428884-2317-3427-D73B-7FC3422B369A}.Debug|Any CPU.Build.0 = Debug|Any CPU
		{24428884-2317-3427-D73B-7FC3422B369A}.Release|Any CPU.ActiveCfg = Release|Any CPU
		{24428884-2317-3427-D73B-7FC3422B369A}.Release|Any CPU.Build.0 = Release|Any CPU
		{418919C4-BBDE-2130-7E21-E9E250CEAC3A}.Debug|Any CPU.ActiveCfg = Debug|Any CPU
		{418919C4-BBDE-2130-7E21-E9E250CEAC3A}.Debug|Any CPU.Build.0 = Debug|Any CPU
		{418919C4-BBDE-2130-7E21-E9E250CEAC3A}.Release|Any CPU.ActiveCfg = Release|Any CPU
		{418919C4-BBDE-2130-7E21-E9E250CEAC3A}.Release|Any CPU.Build.0 = Release|Any CPU
		{F1D331B8-6516-4101-43B6-D78410114062}.Debug|Any CPU.ActiveCfg = Debug|Any CPU
		{F1D331B8-6516-4101-43B6-D78410114062}.Debug|Any CPU.Build.0 = Debug|Any CPU
		{F1D331B8-6516-4101-43B6-D78410114062}.Release|Any CPU.ActiveCfg = Release|Any CPU
		{F1D331B8-6516-4101-43B6-D78410114062}.Release|Any CPU.Build.0 = Release|Any CPU
		{154E688B-5061-A7A0-B082-D095E12892DE}.Debug|Any CPU.ActiveCfg = Debug|Any CPU
		{154E688B-5061-A7A0-B082-D095E12892DE}.Debug|Any CPU.Build.0 = Debug|Any CPU
		{154E688B-5061-A7A0-B082-D095E12892DE}.Release|Any CPU.ActiveCfg = Release|Any CPU
		{154E688B-5061-A7A0-B082-D095E12892DE}.Release|Any CPU.Build.0 = Release|Any CPU
		{D26F4F2C-86CC-34BC-643A-9C3D6B8F273B}.Debug|Any CPU.ActiveCfg = Debug|Any CPU
		{D26F4F2C-86CC-34BC-643A-9C3D6B8F273B}.Debug|Any CPU.Build.0 = Debug|Any CPU
		{D26F4F2C-86CC-34BC-643A-9C3D6B8F273B}.Release|Any CPU.ActiveCfg = Release|Any CPU
		{D26F4F2C-86CC-34BC-643A-9C3D6B8F273B}.Release|Any CPU.Build.0 = Release|Any CPU
		{5B5642E1-0F7D-661D-8DB1-9BF460E92293}.Debug|Any CPU.ActiveCfg = Debug|Any CPU
		{5B5642E1-0F7D-661D-8DB1-9BF460E92293}.Debug|Any CPU.Build.0 = Debug|Any CPU
		{5B5642E1-0F7D-661D-8DB1-9BF460E92293}.Release|Any CPU.ActiveCfg = Release|Any CPU
		{5B5642E1-0F7D-661D-8DB1-9BF460E92293}.Release|Any CPU.Build.0 = Release|Any CPU
		{6A342EEA-FD64-0C48-2F4A-D0988DD8A130}.Debug|Any CPU.ActiveCfg = Debug|Any CPU
		{6A342EEA-FD64-0C48-2F4A-D0988DD8A130}.Debug|Any CPU.Build.0 = Debug|Any CPU
		{6A342EEA-FD64-0C48-2F4A-D0988DD8A130}.Release|Any CPU.ActiveCfg = Release|Any CPU
		{6A342EEA-FD64-0C48-2F4A-D0988DD8A130}.Release|Any CPU.Build.0 = Release|Any CPU
		{B382B4BC-6C0F-C5A0-7545-0B25D1840329}.Debug|Any CPU.ActiveCfg = Debug|Any CPU
		{B382B4BC-6C0F-C5A0-7545-0B25D1840329}.Debug|Any CPU.Build.0 = Debug|Any CPU
		{B382B4BC-6C0F-C5A0-7545-0B25D1840329}.Release|Any CPU.ActiveCfg = Release|Any CPU
		{B382B4BC-6C0F-C5A0-7545-0B25D1840329}.Release|Any CPU.Build.0 = Release|Any CPU
		{843910AD-7FD0-C598-8971-3B1118636570}.Debug|Any CPU.ActiveCfg = Debug|Any CPU
		{843910AD-7FD0-C598-8971-3B1118636570}.Debug|Any CPU.Build.0 = Debug|Any CPU
		{843910AD-7FD0-C598-8971-3B1118636570}.Release|Any CPU.ActiveCfg = Release|Any CPU
		{843910AD-7FD0-C598-8971-3B1118636570}.Release|Any CPU.Build.0 = Release|Any CPU
		{696EC2BD-0FBD-8AA9-1A88-B113B408E65E}.Debug|Any CPU.ActiveCfg = Debug|Any CPU
		{696EC2BD-0FBD-8AA9-1A88-B113B408E65E}.Debug|Any CPU.Build.0 = Debug|Any CPU
		{696EC2BD-0FBD-8AA9-1A88-B113B408E65E}.Release|Any CPU.ActiveCfg = Release|Any CPU
		{696EC2BD-0FBD-8AA9-1A88-B113B408E65E}.Release|Any CPU.Build.0 = Release|Any CPU
		{08B81BF2-63A9-36B1-F446-16ACC56B6FFC}.Debug|Any CPU.ActiveCfg = Debug|Any CPU
		{08B81BF2-63A9-36B1-F446-16ACC56B6FFC}.Debug|Any CPU.Build.0 = Debug|Any CPU
		{08B81BF2-63A9-36B1-F446-16ACC56B6FFC}.Release|Any CPU.ActiveCfg = Release|Any CPU
		{08B81BF2-63A9-36B1-F446-16ACC56B6FFC}.Release|Any CPU.Build.0 = Release|Any CPU
		{7C345832-948F-29CD-4AA6-FF2223B310F2}.Debug|Any CPU.ActiveCfg = Debug|Any CPU
		{7C345832-948F-29CD-4AA6-FF2223B310F2}.Debug|Any CPU.Build.0 = Debug|Any CPU
		{7C345832-948F-29CD-4AA6-FF2223B310F2}.Release|Any CPU.ActiveCfg = Release|Any CPU
		{7C345832-948F-29CD-4AA6-FF2223B310F2}.Release|Any CPU.Build.0 = Release|Any CPU
		{16DADB52-F97A-621B-E00D-0F9C243526AC}.Debug|Any CPU.ActiveCfg = Debug|Any CPU
		{16DADB52-F97A-621B-E00D-0F9C243526AC}.Debug|Any CPU.Build.0 = Debug|Any CPU
		{16DADB52-F97A-621B-E00D-0F9C243526AC}.Release|Any CPU.ActiveCfg = Release|Any CPU
		{16DADB52-F97A-621B-E00D-0F9C243526AC}.Release|Any CPU.Build.0 = Release|Any CPU
		{20E57C06-C0FF-B278-E3D8-E17BF2058798}.Debug|Any CPU.ActiveCfg = Debug|Any CPU
		{20E57C06-C0FF-B278-E3D8-E17BF2058798}.Debug|Any CPU.Build.0 = Debug|Any CPU
		{20E57C06-C0FF-B278-E3D8-E17BF2058798}.Release|Any CPU.ActiveCfg = Release|Any CPU
		{20E57C06-C0FF-B278-E3D8-E17BF2058798}.Release|Any CPU.Build.0 = Release|Any CPU
		{84A2DC89-C20E-8F1C-BEA8-C82495DB9833}.Debug|Any CPU.ActiveCfg = Debug|Any CPU
		{84A2DC89-C20E-8F1C-BEA8-C82495DB9833}.Debug|Any CPU.Build.0 = Debug|Any CPU
		{84A2DC89-C20E-8F1C-BEA8-C82495DB9833}.Release|Any CPU.ActiveCfg = Release|Any CPU
		{84A2DC89-C20E-8F1C-BEA8-C82495DB9833}.Release|Any CPU.Build.0 = Release|Any CPU
		{570A5D56-F168-89D3-7ED6-DFBFF2C66882}.Debug|Any CPU.ActiveCfg = Debug|Any CPU
		{570A5D56-F168-89D3-7ED6-DFBFF2C66882}.Debug|Any CPU.Build.0 = Debug|Any CPU
		{570A5D56-F168-89D3-7ED6-DFBFF2C66882}.Release|Any CPU.ActiveCfg = Release|Any CPU
		{570A5D56-F168-89D3-7ED6-DFBFF2C66882}.Release|Any CPU.Build.0 = Release|Any CPU
		{65B5B48F-2894-0B61-A457-3538BFF75AE9}.Debug|Any CPU.ActiveCfg = Debug|Any CPU
		{65B5B48F-2894-0B61-A457-3538BFF75AE9}.Debug|Any CPU.Build.0 = Debug|Any CPU
		{65B5B48F-2894-0B61-A457-3538BFF75AE9}.Release|Any CPU.ActiveCfg = Release|Any CPU
		{65B5B48F-2894-0B61-A457-3538BFF75AE9}.Release|Any CPU.Build.0 = Release|Any CPU
		{4CD2A333-1EDB-C7E6-7E23-D6CA12BFD59F}.Debug|Any CPU.ActiveCfg = Debug|Any CPU
		{4CD2A333-1EDB-C7E6-7E23-D6CA12BFD59F}.Debug|Any CPU.Build.0 = Debug|Any CPU
		{4CD2A333-1EDB-C7E6-7E23-D6CA12BFD59F}.Release|Any CPU.ActiveCfg = Release|Any CPU
		{4CD2A333-1EDB-C7E6-7E23-D6CA12BFD59F}.Release|Any CPU.Build.0 = Release|Any CPU
		{9024B47C-42B5-85D1-DF29-F696320E7230}.Debug|Any CPU.ActiveCfg = Debug|Any CPU
		{9024B47C-42B5-85D1-DF29-F696320E7230}.Debug|Any CPU.Build.0 = Debug|Any CPU
		{9024B47C-42B5-85D1-DF29-F696320E7230}.Release|Any CPU.ActiveCfg = Release|Any CPU
		{9024B47C-42B5-85D1-DF29-F696320E7230}.Release|Any CPU.Build.0 = Release|Any CPU
		{8D64552F-D770-88E5-B80D-0840499E6E25}.Debug|Any CPU.ActiveCfg = Debug|Any CPU
		{8D64552F-D770-88E5-B80D-0840499E6E25}.Debug|Any CPU.Build.0 = Debug|Any CPU
		{8D64552F-D770-88E5-B80D-0840499E6E25}.Release|Any CPU.ActiveCfg = Release|Any CPU
		{8D64552F-D770-88E5-B80D-0840499E6E25}.Release|Any CPU.Build.0 = Release|Any CPU
		{DDC8C00D-EC88-2250-5EEA-D467FB7CB8C2}.Debug|Any CPU.ActiveCfg = Debug|Any CPU
		{DDC8C00D-EC88-2250-5EEA-D467FB7CB8C2}.Debug|Any CPU.Build.0 = Debug|Any CPU
		{DDC8C00D-EC88-2250-5EEA-D467FB7CB8C2}.Release|Any CPU.ActiveCfg = Release|Any CPU
		{DDC8C00D-EC88-2250-5EEA-D467FB7CB8C2}.Release|Any CPU.Build.0 = Release|Any CPU
		{90AB1FA1-6937-7EF2-5250-B1AE98A0AE26}.Debug|Any CPU.ActiveCfg = Debug|Any CPU
		{90AB1FA1-6937-7EF2-5250-B1AE98A0AE26}.Debug|Any CPU.Build.0 = Debug|Any CPU
		{90AB1FA1-6937-7EF2-5250-B1AE98A0AE26}.Release|Any CPU.ActiveCfg = Release|Any CPU
		{90AB1FA1-6937-7EF2-5250-B1AE98A0AE26}.Release|Any CPU.Build.0 = Release|Any CPU
		{368D24C7-9725-231F-9DB0-9DDCB9541BDC}.Debug|Any CPU.ActiveCfg = Debug|Any CPU
		{368D24C7-9725-231F-9DB0-9DDCB9541BDC}.Debug|Any CPU.Build.0 = Debug|Any CPU
		{368D24C7-9725-231F-9DB0-9DDCB9541BDC}.Release|Any CPU.ActiveCfg = Release|Any CPU
		{368D24C7-9725-231F-9DB0-9DDCB9541BDC}.Release|Any CPU.Build.0 = Release|Any CPU
		{2DAF03C5-FB8F-52EA-3476-614386C2537F}.Debug|Any CPU.ActiveCfg = Debug|Any CPU
		{2DAF03C5-FB8F-52EA-3476-614386C2537F}.Debug|Any CPU.Build.0 = Debug|Any CPU
		{2DAF03C5-FB8F-52EA-3476-614386C2537F}.Release|Any CPU.ActiveCfg = Release|Any CPU
		{2DAF03C5-FB8F-52EA-3476-614386C2537F}.Release|Any CPU.Build.0 = Release|Any CPU
		{D9E508C9-E2CA-E265-24A5-28A81E8BE820}.Debug|Any CPU.ActiveCfg = Debug|Any CPU
		{D9E508C9-E2CA-E265-24A5-28A81E8BE820}.Debug|Any CPU.Build.0 = Debug|Any CPU
		{D9E508C9-E2CA-E265-24A5-28A81E8BE820}.Release|Any CPU.ActiveCfg = Release|Any CPU
		{D9E508C9-E2CA-E265-24A5-28A81E8BE820}.Release|Any CPU.Build.0 = Release|Any CPU
		{5E48A65D-A126-847B-ED2A-F82DB6D7A22A}.Debug|Any CPU.ActiveCfg = Debug|Any CPU
		{5E48A65D-A126-847B-ED2A-F82DB6D7A22A}.Debug|Any CPU.Build.0 = Debug|Any CPU
		{5E48A65D-A126-847B-ED2A-F82DB6D7A22A}.Release|Any CPU.ActiveCfg = Release|Any CPU
		{5E48A65D-A126-847B-ED2A-F82DB6D7A22A}.Release|Any CPU.Build.0 = Release|Any CPU
		{BD9C6040-02C1-2094-6C8F-13ACD69342E7}.Debug|Any CPU.ActiveCfg = Debug|Any CPU
		{BD9C6040-02C1-2094-6C8F-13ACD69342E7}.Debug|Any CPU.Build.0 = Debug|Any CPU
		{BD9C6040-02C1-2094-6C8F-13ACD69342E7}.Release|Any CPU.ActiveCfg = Release|Any CPU
		{BD9C6040-02C1-2094-6C8F-13ACD69342E7}.Release|Any CPU.Build.0 = Release|Any CPU
		{5AEF014B-CD64-7671-64D1-3B2B6E758737}.Debug|Any CPU.ActiveCfg = Debug|Any CPU
		{5AEF014B-CD64-7671-64D1-3B2B6E758737}.Debug|Any CPU.Build.0 = Debug|Any CPU
		{5AEF014B-CD64-7671-64D1-3B2B6E758737}.Release|Any CPU.ActiveCfg = Release|Any CPU
		{5AEF014B-CD64-7671-64D1-3B2B6E758737}.Release|Any CPU.Build.0 = Release|Any CPU
		{76313F1F-9DF6-C5E2-1654-12F084FF503F}.Debug|Any CPU.ActiveCfg = Debug|Any CPU
		{76313F1F-9DF6-C5E2-1654-12F084FF503F}.Debug|Any CPU.Build.0 = Debug|Any CPU
		{76313F1F-9DF6-C5E2-1654-12F084FF503F}.Release|Any CPU.ActiveCfg = Release|Any CPU
		{76313F1F-9DF6-C5E2-1654-12F084FF503F}.Release|Any CPU.Build.0 = Release|Any CPU
		{96DCB412-8E1B-5A14-5A80-BE5EE9D7BE5C}.Debug|Any CPU.ActiveCfg = Debug|Any CPU
		{96DCB412-8E1B-5A14-5A80-BE5EE9D7BE5C}.Debug|Any CPU.Build.0 = Debug|Any CPU
		{96DCB412-8E1B-5A14-5A80-BE5EE9D7BE5C}.Release|Any CPU.ActiveCfg = Release|Any CPU
		{96DCB412-8E1B-5A14-5A80-BE5EE9D7BE5C}.Release|Any CPU.Build.0 = Release|Any CPU
		{5E8F71EC-7CC7-6DC9-100B-86790759C793}.Debug|Any CPU.ActiveCfg = Debug|Any CPU
		{5E8F71EC-7CC7-6DC9-100B-86790759C793}.Debug|Any CPU.Build.0 = Debug|Any CPU
		{5E8F71EC-7CC7-6DC9-100B-86790759C793}.Release|Any CPU.ActiveCfg = Release|Any CPU
		{5E8F71EC-7CC7-6DC9-100B-86790759C793}.Release|Any CPU.Build.0 = Release|Any CPU
		{4A7FD08D-F284-EA37-9AC5-176DE5502A02}.Debug|Any CPU.ActiveCfg = Debug|Any CPU
		{4A7FD08D-F284-EA37-9AC5-176DE5502A02}.Debug|Any CPU.Build.0 = Debug|Any CPU
		{4A7FD08D-F284-EA37-9AC5-176DE5502A02}.Release|Any CPU.ActiveCfg = Release|Any CPU
		{4A7FD08D-F284-EA37-9AC5-176DE5502A02}.Release|Any CPU.Build.0 = Release|Any CPU
		{F5C41A57-B52B-A27B-A8D2-7102EBEDC0F7}.Debug|Any CPU.ActiveCfg = Debug|Any CPU
		{F5C41A57-B52B-A27B-A8D2-7102EBEDC0F7}.Debug|Any CPU.Build.0 = Debug|Any CPU
		{F5C41A57-B52B-A27B-A8D2-7102EBEDC0F7}.Release|Any CPU.ActiveCfg = Release|Any CPU
		{F5C41A57-B52B-A27B-A8D2-7102EBEDC0F7}.Release|Any CPU.Build.0 = Release|Any CPU
		{F13C6F07-198D-DE58-B55C-ED275D33B0C1}.Debug|Any CPU.ActiveCfg = Debug|Any CPU
		{F13C6F07-198D-DE58-B55C-ED275D33B0C1}.Debug|Any CPU.Build.0 = Debug|Any CPU
		{F13C6F07-198D-DE58-B55C-ED275D33B0C1}.Release|Any CPU.ActiveCfg = Release|Any CPU
		{F13C6F07-198D-DE58-B55C-ED275D33B0C1}.Release|Any CPU.Build.0 = Release|Any CPU
		{8B5694F1-6553-792E-9A5D-39D51407E548}.Debug|Any CPU.ActiveCfg = Debug|Any CPU
		{8B5694F1-6553-792E-9A5D-39D51407E548}.Debug|Any CPU.Build.0 = Debug|Any CPU
		{8B5694F1-6553-792E-9A5D-39D51407E548}.Release|Any CPU.ActiveCfg = Release|Any CPU
		{8B5694F1-6553-792E-9A5D-39D51407E548}.Release|Any CPU.Build.0 = Release|Any CPU
		{D4478C29-B7C2-C78F-AE76-7844193316CA}.Debug|Any CPU.ActiveCfg = Debug|Any CPU
		{D4478C29-B7C2-C78F-AE76-7844193316CA}.Debug|Any CPU.Build.0 = Debug|Any CPU
		{D4478C29-B7C2-C78F-AE76-7844193316CA}.Release|Any CPU.ActiveCfg = Release|Any CPU
		{D4478C29-B7C2-C78F-AE76-7844193316CA}.Release|Any CPU.Build.0 = Release|Any CPU
		{F78E78AF-211C-87B2-97F2-B3D9EB1D5AA8}.Debug|Any CPU.ActiveCfg = Debug|Any CPU
		{F78E78AF-211C-87B2-97F2-B3D9EB1D5AA8}.Debug|Any CPU.Build.0 = Debug|Any CPU
		{F78E78AF-211C-87B2-97F2-B3D9EB1D5AA8}.Release|Any CPU.ActiveCfg = Release|Any CPU
		{F78E78AF-211C-87B2-97F2-B3D9EB1D5AA8}.Release|Any CPU.Build.0 = Release|Any CPU
		{1374D7C9-F02F-CC8B-B3FB-D0D6E42C1D55}.Debug|Any CPU.ActiveCfg = Debug|Any CPU
		{1374D7C9-F02F-CC8B-B3FB-D0D6E42C1D55}.Debug|Any CPU.Build.0 = Debug|Any CPU
		{1374D7C9-F02F-CC8B-B3FB-D0D6E42C1D55}.Release|Any CPU.ActiveCfg = Release|Any CPU
		{1374D7C9-F02F-CC8B-B3FB-D0D6E42C1D55}.Release|Any CPU.Build.0 = Release|Any CPU
		{EBB79C13-AEE4-87BB-439A-465763F7EFE5}.Debug|Any CPU.ActiveCfg = Debug|Any CPU
		{EBB79C13-AEE4-87BB-439A-465763F7EFE5}.Debug|Any CPU.Build.0 = Debug|Any CPU
		{EBB79C13-AEE4-87BB-439A-465763F7EFE5}.Release|Any CPU.ActiveCfg = Release|Any CPU
		{EBB79C13-AEE4-87BB-439A-465763F7EFE5}.Release|Any CPU.Build.0 = Release|Any CPU
		{5344CCC5-DC6D-1C08-BD6D-6F8D1BCE585A}.Debug|Any CPU.ActiveCfg = Debug|Any CPU
		{5344CCC5-DC6D-1C08-BD6D-6F8D1BCE585A}.Debug|Any CPU.Build.0 = Debug|Any CPU
		{5344CCC5-DC6D-1C08-BD6D-6F8D1BCE585A}.Release|Any CPU.ActiveCfg = Release|Any CPU
		{5344CCC5-DC6D-1C08-BD6D-6F8D1BCE585A}.Release|Any CPU.Build.0 = Release|Any CPU
		{47440591-2BD1-062D-3832-713C5FB3F51A}.Debug|Any CPU.ActiveCfg = Debug|Any CPU
		{47440591-2BD1-062D-3832-713C5FB3F51A}.Debug|Any CPU.Build.0 = Debug|Any CPU
		{47440591-2BD1-062D-3832-713C5FB3F51A}.Release|Any CPU.ActiveCfg = Release|Any CPU
		{47440591-2BD1-062D-3832-713C5FB3F51A}.Release|Any CPU.Build.0 = Release|Any CPU
		{506A06AA-9DF7-1D18-F261-F32873597ABA}.Debug|Any CPU.ActiveCfg = Debug|Any CPU
		{506A06AA-9DF7-1D18-F261-F32873597ABA}.Debug|Any CPU.Build.0 = Debug|Any CPU
		{506A06AA-9DF7-1D18-F261-F32873597ABA}.Release|Any CPU.ActiveCfg = Release|Any CPU
		{506A06AA-9DF7-1D18-F261-F32873597ABA}.Release|Any CPU.Build.0 = Release|Any CPU
		{E1645B89-0BDF-EFDC-4374-53BAC3FEFF69}.Debug|Any CPU.ActiveCfg = Debug|Any CPU
		{E1645B89-0BDF-EFDC-4374-53BAC3FEFF69}.Debug|Any CPU.Build.0 = Debug|Any CPU
		{E1645B89-0BDF-EFDC-4374-53BAC3FEFF69}.Release|Any CPU.ActiveCfg = Release|Any CPU
		{E1645B89-0BDF-EFDC-4374-53BAC3FEFF69}.Release|Any CPU.Build.0 = Release|Any CPU
		{C453AF5F-3090-01CB-D094-6AE72FEC6D92}.Debug|Any CPU.ActiveCfg = Debug|Any CPU
		{C453AF5F-3090-01CB-D094-6AE72FEC6D92}.Debug|Any CPU.Build.0 = Debug|Any CPU
		{C453AF5F-3090-01CB-D094-6AE72FEC6D92}.Release|Any CPU.ActiveCfg = Release|Any CPU
		{C453AF5F-3090-01CB-D094-6AE72FEC6D92}.Release|Any CPU.Build.0 = Release|Any CPU
		{0D785CE8-22F1-2EB6-6019-8AC264BC244B}.Debug|Any CPU.ActiveCfg = Debug|Any CPU
		{0D785CE8-22F1-2EB6-6019-8AC264BC244B}.Debug|Any CPU.Build.0 = Debug|Any CPU
		{0D785CE8-22F1-2EB6-6019-8AC264BC244B}.Release|Any CPU.ActiveCfg = Release|Any CPU
		{0D785CE8-22F1-2EB6-6019-8AC264BC244B}.Release|Any CPU.Build.0 = Release|Any CPU
		{E94491EB-DA2E-9BB6-BCAD-DF011F2B1867}.Debug|Any CPU.ActiveCfg = Debug|Any CPU
		{E94491EB-DA2E-9BB6-BCAD-DF011F2B1867}.Debug|Any CPU.Build.0 = Debug|Any CPU
		{E94491EB-DA2E-9BB6-BCAD-DF011F2B1867}.Release|Any CPU.ActiveCfg = Release|Any CPU
		{E94491EB-DA2E-9BB6-BCAD-DF011F2B1867}.Release|Any CPU.Build.0 = Release|Any CPU
		{D2A69C5A-404F-1F52-17EF-E37DE68ED3C3}.Debug|Any CPU.ActiveCfg = Debug|Any CPU
		{D2A69C5A-404F-1F52-17EF-E37DE68ED3C3}.Debug|Any CPU.Build.0 = Debug|Any CPU
		{D2A69C5A-404F-1F52-17EF-E37DE68ED3C3}.Release|Any CPU.ActiveCfg = Release|Any CPU
		{D2A69C5A-404F-1F52-17EF-E37DE68ED3C3}.Release|Any CPU.Build.0 = Release|Any CPU
		{75F2D81A-FF42-1D8C-0AFE-2C46D867BEB7}.Debug|Any CPU.ActiveCfg = Debug|Any CPU
		{75F2D81A-FF42-1D8C-0AFE-2C46D867BEB7}.Debug|Any CPU.Build.0 = Debug|Any CPU
		{75F2D81A-FF42-1D8C-0AFE-2C46D867BEB7}.Release|Any CPU.ActiveCfg = Release|Any CPU
		{75F2D81A-FF42-1D8C-0AFE-2C46D867BEB7}.Release|Any CPU.Build.0 = Release|Any CPU
		{DF158E0A-CF1B-C482-FAC5-400A20F17C8D}.Debug|Any CPU.ActiveCfg = Debug|Any CPU
		{DF158E0A-CF1B-C482-FAC5-400A20F17C8D}.Debug|Any CPU.Build.0 = Debug|Any CPU
		{DF158E0A-CF1B-C482-FAC5-400A20F17C8D}.Release|Any CPU.ActiveCfg = Release|Any CPU
		{DF158E0A-CF1B-C482-FAC5-400A20F17C8D}.Release|Any CPU.Build.0 = Release|Any CPU
		{120FFE18-1D76-B708-E59B-E25F84401CDB}.Debug|Any CPU.ActiveCfg = Debug|Any CPU
		{120FFE18-1D76-B708-E59B-E25F84401CDB}.Debug|Any CPU.Build.0 = Debug|Any CPU
		{120FFE18-1D76-B708-E59B-E25F84401CDB}.Release|Any CPU.ActiveCfg = Release|Any CPU
		{120FFE18-1D76-B708-E59B-E25F84401CDB}.Release|Any CPU.Build.0 = Release|Any CPU
		{45B0030E-BD2D-1CA9-5C0D-B3F6DC4830B2}.Debug|Any CPU.ActiveCfg = Debug|Any CPU
		{45B0030E-BD2D-1CA9-5C0D-B3F6DC4830B2}.Debug|Any CPU.Build.0 = Debug|Any CPU
		{45B0030E-BD2D-1CA9-5C0D-B3F6DC4830B2}.Release|Any CPU.ActiveCfg = Release|Any CPU
		{45B0030E-BD2D-1CA9-5C0D-B3F6DC4830B2}.Release|Any CPU.Build.0 = Release|Any CPU
		{4CA89F0B-129E-DE43-8055-D57FD0F62689}.Debug|Any CPU.ActiveCfg = Debug|Any CPU
		{4CA89F0B-129E-DE43-8055-D57FD0F62689}.Debug|Any CPU.Build.0 = Debug|Any CPU
		{4CA89F0B-129E-DE43-8055-D57FD0F62689}.Release|Any CPU.ActiveCfg = Release|Any CPU
		{4CA89F0B-129E-DE43-8055-D57FD0F62689}.Release|Any CPU.Build.0 = Release|Any CPU
		{76DD8EC7-1189-0371-4DE6-E89C6AF17B0B}.Debug|Any CPU.ActiveCfg = Debug|Any CPU
		{76DD8EC7-1189-0371-4DE6-E89C6AF17B0B}.Debug|Any CPU.Build.0 = Debug|Any CPU
		{76DD8EC7-1189-0371-4DE6-E89C6AF17B0B}.Release|Any CPU.ActiveCfg = Release|Any CPU
		{76DD8EC7-1189-0371-4DE6-E89C6AF17B0B}.Release|Any CPU.Build.0 = Release|Any CPU
		{BD80A043-F767-9A8B-3F02-6C7DA4921365}.Debug|Any CPU.ActiveCfg = Debug|Any CPU
		{BD80A043-F767-9A8B-3F02-6C7DA4921365}.Debug|Any CPU.Build.0 = Debug|Any CPU
		{BD80A043-F767-9A8B-3F02-6C7DA4921365}.Release|Any CPU.ActiveCfg = Release|Any CPU
		{BD80A043-F767-9A8B-3F02-6C7DA4921365}.Release|Any CPU.Build.0 = Release|Any CPU
		{9670B560-A054-258F-040D-EAC92AD0001A}.Debug|Any CPU.ActiveCfg = Debug|Any CPU
		{9670B560-A054-258F-040D-EAC92AD0001A}.Debug|Any CPU.Build.0 = Debug|Any CPU
		{9670B560-A054-258F-040D-EAC92AD0001A}.Release|Any CPU.ActiveCfg = Release|Any CPU
		{9670B560-A054-258F-040D-EAC92AD0001A}.Release|Any CPU.Build.0 = Release|Any CPU
		{ACC304BA-B8B5-3CC6-9C2B-58307E1BE15A}.Debug|Any CPU.ActiveCfg = Debug|Any CPU
		{ACC304BA-B8B5-3CC6-9C2B-58307E1BE15A}.Debug|Any CPU.Build.0 = Debug|Any CPU
		{ACC304BA-B8B5-3CC6-9C2B-58307E1BE15A}.Release|Any CPU.ActiveCfg = Release|Any CPU
		{ACC304BA-B8B5-3CC6-9C2B-58307E1BE15A}.Release|Any CPU.Build.0 = Release|Any CPU
		{3D4F3FC3-1A7B-9522-E43C-9D6C9803C5A7}.Debug|Any CPU.ActiveCfg = Debug|Any CPU
		{3D4F3FC3-1A7B-9522-E43C-9D6C9803C5A7}.Debug|Any CPU.Build.0 = Debug|Any CPU
		{3D4F3FC3-1A7B-9522-E43C-9D6C9803C5A7}.Release|Any CPU.ActiveCfg = Release|Any CPU
		{3D4F3FC3-1A7B-9522-E43C-9D6C9803C5A7}.Release|Any CPU.Build.0 = Release|Any CPU
		{AC9B6E06-FD16-8568-2357-F62E1C667C50}.Debug|Any CPU.ActiveCfg = Debug|Any CPU
		{AC9B6E06-FD16-8568-2357-F62E1C667C50}.Debug|Any CPU.Build.0 = Debug|Any CPU
		{AC9B6E06-FD16-8568-2357-F62E1C667C50}.Release|Any CPU.ActiveCfg = Release|Any CPU
		{AC9B6E06-FD16-8568-2357-F62E1C667C50}.Release|Any CPU.Build.0 = Release|Any CPU
		{798E0881-ABCE-72D1-CE85-3BBD2E063A07}.Debug|Any CPU.ActiveCfg = Debug|Any CPU
		{798E0881-ABCE-72D1-CE85-3BBD2E063A07}.Debug|Any CPU.Build.0 = Debug|Any CPU
		{798E0881-ABCE-72D1-CE85-3BBD2E063A07}.Release|Any CPU.ActiveCfg = Release|Any CPU
		{798E0881-ABCE-72D1-CE85-3BBD2E063A07}.Release|Any CPU.Build.0 = Release|Any CPU
		{5384B401-C19C-C884-803B-A1141ED20416}.Debug|Any CPU.ActiveCfg = Debug|Any CPU
		{5384B401-C19C-C884-803B-A1141ED20416}.Debug|Any CPU.Build.0 = Debug|Any CPU
		{5384B401-C19C-C884-803B-A1141ED20416}.Release|Any CPU.ActiveCfg = Release|Any CPU
		{5384B401-C19C-C884-803B-A1141ED20416}.Release|Any CPU.Build.0 = Release|Any CPU
		{B074948E-44ED-3491-4AA9-E2EDC4B7BD84}.Debug|Any CPU.ActiveCfg = Debug|Any CPU
		{B074948E-44ED-3491-4AA9-E2EDC4B7BD84}.Debug|Any CPU.Build.0 = Debug|Any CPU
		{B074948E-44ED-3491-4AA9-E2EDC4B7BD84}.Release|Any CPU.ActiveCfg = Release|Any CPU
		{B074948E-44ED-3491-4AA9-E2EDC4B7BD84}.Release|Any CPU.Build.0 = Release|Any CPU
		{D08111CC-1D02-7F39-C6CA-76BA87588A82}.Debug|Any CPU.ActiveCfg = Debug|Any CPU
		{D08111CC-1D02-7F39-C6CA-76BA87588A82}.Debug|Any CPU.Build.0 = Debug|Any CPU
		{D08111CC-1D02-7F39-C6CA-76BA87588A82}.Release|Any CPU.ActiveCfg = Release|Any CPU
		{D08111CC-1D02-7F39-C6CA-76BA87588A82}.Release|Any CPU.Build.0 = Release|Any CPU
		{8D74D3EC-F036-0E8D-F980-27D6E8EB3757}.Debug|Any CPU.ActiveCfg = Debug|Any CPU
		{8D74D3EC-F036-0E8D-F980-27D6E8EB3757}.Debug|Any CPU.Build.0 = Debug|Any CPU
		{8D74D3EC-F036-0E8D-F980-27D6E8EB3757}.Release|Any CPU.ActiveCfg = Release|Any CPU
		{8D74D3EC-F036-0E8D-F980-27D6E8EB3757}.Release|Any CPU.Build.0 = Release|Any CPU
		{4803CA38-0B9A-FBBF-5352-B6ABAD2FC024}.Debug|Any CPU.ActiveCfg = Debug|Any CPU
		{4803CA38-0B9A-FBBF-5352-B6ABAD2FC024}.Debug|Any CPU.Build.0 = Debug|Any CPU
		{4803CA38-0B9A-FBBF-5352-B6ABAD2FC024}.Release|Any CPU.ActiveCfg = Release|Any CPU
		{4803CA38-0B9A-FBBF-5352-B6ABAD2FC024}.Release|Any CPU.Build.0 = Release|Any CPU
		{D284CFB8-1467-2707-66C9-D8AE4530C6CD}.Debug|Any CPU.ActiveCfg = Debug|Any CPU
		{D284CFB8-1467-2707-66C9-D8AE4530C6CD}.Debug|Any CPU.Build.0 = Debug|Any CPU
		{D284CFB8-1467-2707-66C9-D8AE4530C6CD}.Release|Any CPU.ActiveCfg = Release|Any CPU
		{D284CFB8-1467-2707-66C9-D8AE4530C6CD}.Release|Any CPU.Build.0 = Release|Any CPU
		{76EBF6EE-015A-594F-941C-7FD8489AB38A}.Debug|Any CPU.ActiveCfg = Debug|Any CPU
		{76EBF6EE-015A-594F-941C-7FD8489AB38A}.Debug|Any CPU.Build.0 = Debug|Any CPU
		{76EBF6EE-015A-594F-941C-7FD8489AB38A}.Release|Any CPU.ActiveCfg = Release|Any CPU
		{76EBF6EE-015A-594F-941C-7FD8489AB38A}.Release|Any CPU.Build.0 = Release|Any CPU
		{34C52CAD-C20C-A888-298A-65954E52F41D}.Debug|Any CPU.ActiveCfg = Debug|Any CPU
		{34C52CAD-C20C-A888-298A-65954E52F41D}.Debug|Any CPU.Build.0 = Debug|Any CPU
		{34C52CAD-C20C-A888-298A-65954E52F41D}.Release|Any CPU.ActiveCfg = Release|Any CPU
		{34C52CAD-C20C-A888-298A-65954E52F41D}.Release|Any CPU.Build.0 = Release|Any CPU
		{1AE9AFAD-508A-380F-C1CC-69008C5B01A3}.Debug|Any CPU.ActiveCfg = Debug|Any CPU
		{1AE9AFAD-508A-380F-C1CC-69008C5B01A3}.Debug|Any CPU.Build.0 = Debug|Any CPU
		{1AE9AFAD-508A-380F-C1CC-69008C5B01A3}.Release|Any CPU.ActiveCfg = Release|Any CPU
		{1AE9AFAD-508A-380F-C1CC-69008C5B01A3}.Release|Any CPU.Build.0 = Release|Any CPU
		{99E92F7A-E703-540F-1F79-B4699D00E59A}.Debug|Any CPU.ActiveCfg = Debug|Any CPU
		{99E92F7A-E703-540F-1F79-B4699D00E59A}.Debug|Any CPU.Build.0 = Debug|Any CPU
		{99E92F7A-E703-540F-1F79-B4699D00E59A}.Release|Any CPU.ActiveCfg = Release|Any CPU
		{99E92F7A-E703-540F-1F79-B4699D00E59A}.Release|Any CPU.Build.0 = Release|Any CPU
	EndGlobalSection
	GlobalSection(SolutionProperties) = preSolution
		HideSolutionNode = FALSE
	EndGlobalSection
EndGlobal
